
Microsoft Visual Studio Solution File, Format Version 12.00
# Visual Studio Version 17
VisualStudioVersion = 17.2.32602.215
MinimumVisualStudioVersion = 10.0.40219.1
Project("{FAE04EC0-301F-11D3-BF4B-00C04F79EFBC}") = "XmlFormattingAssignment", "XmlFormattingAssignment\XmlFormattingAssignment.csproj", "{4FEC249C-1AC6-46F0-BFD1-453311B48BA0}"
EndProject
Project("{FAE04EC0-301F-11D3-BF4B-00C04F79EFBC}") = "XmlFormattingAssignmentTest", "XmlFormattingAssignmentTest\XmlFormattingAssignmentTest.csproj", "{490D283A-0F90-4762-A0D2-1D3FC83B8559}"
EndProject
Global
	GlobalSection(SolutionConfigurationPlatforms) = preSolution
		Debug|Any CPU = Debug|Any CPU
		Release|Any CPU = Release|Any CPU
	EndGlobalSection
	GlobalSection(ProjectConfigurationPlatforms) = postSolution
		{4FEC249C-1AC6-46F0-BFD1-453311B48BA0}.Debug|Any CPU.ActiveCfg = Debug|Any CPU
		{4FEC249C-1AC6-46F0-BFD1-453311B48BA0}.Debug|Any CPU.Build.0 = Debug|Any CPU
		{4FEC249C-1AC6-46F0-BFD1-453311B48BA0}.Release|Any CPU.ActiveCfg = Release|Any CPU
		{4FEC249C-1AC6-46F0-BFD1-453311B48BA0}.Release|Any CPU.Build.0 = Release|Any CPU
		{490D283A-0F90-4762-A0D2-1D3FC83B8559}.Debug|Any CPU.ActiveCfg = Debug|Any CPU
		{490D283A-0F90-4762-A0D2-1D3FC83B8559}.Debug|Any CPU.Build.0 = Debug|Any CPU
		{490D283A-0F90-4762-A0D2-1D3FC83B8559}.Release|Any CPU.ActiveCfg = Release|Any CPU
		{490D283A-0F90-4762-A0D2-1D3FC83B8559}.Release|Any CPU.Build.0 = Release|Any CPU
	EndGlobalSection
	GlobalSection(SolutionProperties) = preSolution
		HideSolutionNode = FALSE
	EndGlobalSection
	GlobalSection(ExtensibilityGlobals) = postSolution
		SolutionGuid = {3CDD029D-8AD7-49D3-AF42-AB9DB3254709}
	EndGlobalSection
EndGlobal
